
Microsoft Visual Studio Solution File, Format Version 11.00
# Visual Studio 2010
Project("{8BC9CEB8-8B4A-11D0-8D11-00A0C91BC942}") = "FinanceManager", "FinanceManager\FinanceManager.vcxproj", "{D30AC07A-8D33-4D73-8E63-DE9F5D33FDC1}"
EndProject
Global
	GlobalSection(SolutionConfigurationPlatforms) = preSolution
		Debug|Win32 = Debug|Win32
		Release|Win32 = Release|Win32
	EndGlobalSection
	GlobalSection(ProjectConfigurationPlatforms) = postSolution
		{D30AC07A-8D33-4D73-8E63-DE9F5D33FDC1}.Debug|Win32.ActiveCfg = Debug|Win32
		{D30AC07A-8D33-4D73-8E63-DE9F5D33FDC1}.Debug|Win32.Build.0 = Debug|Win32
		{D30AC07A-8D33-4D73-8E63-DE9F5D33FDC1}.Release|Win32.ActiveCfg = Release|Win32
		{D30AC07A-8D33-4D73-8E63-DE9F5D33FDC1}.Release|Win32.Build.0 = Release|Win32
	EndGlobalSection
	GlobalSection(SolutionProperties) = preSolution
		HideSolutionNode = FALSE
	EndGlobalSection
EndGlobal
